// !$*UTF8*$!
{
	archiveVersion = 1;
	classes = {
	};
	objectVersion = 46;
	objects = {

/* Begin PBXBuildFile section */
		957D9C731EF3C9B500891FDC /* TemplateNavigationController.swift in Sources */ = {isa = PBXBuildFile; fileRef = 957D9C721EF3C9B500891FDC /* TemplateNavigationController.swift */; };
		957D9CA11EF3E7AB00891FDC /* YearController.swift in Sources */ = {isa = PBXBuildFile; fileRef = 957D9CA01EF3E7AB00891FDC /* YearController.swift */; };
		957D9CA31EF3E7F100891FDC /* MonthController.swift in Sources */ = {isa = PBXBuildFile; fileRef = 957D9CA21EF3E7F100891FDC /* MonthController.swift */; };
		957D9CA51EF3E80900891FDC /* DayController.swift in Sources */ = {isa = PBXBuildFile; fileRef = 957D9CA41EF3E80900891FDC /* DayController.swift */; };
		957D9CA71EF3E83000891FDC /* CalendarComponentControllerDelegate.swift in Sources */ = {isa = PBXBuildFile; fileRef = 957D9CA61EF3E83000891FDC /* CalendarComponentControllerDelegate.swift */; };
		957D9CA91EF3F0BD00891FDC /* DetailController.swift in Sources */ = {isa = PBXBuildFile; fileRef = 957D9CA81EF3F0BD00891FDC /* DetailController.swift */; };
		957D9CAB1EF402EF00891FDC /* FootballController.swift in Sources */ = {isa = PBXBuildFile; fileRef = 957D9CAA1EF402EF00891FDC /* FootballController.swift */; };
		957D9CAD1EF4068F00891FDC /* FootballFixtureController.swift in Sources */ = {isa = PBXBuildFile; fileRef = 957D9CAC1EF4068F00891FDC /* FootballFixtureController.swift */; };
		957E7EF31EFA7C0800EE6A8D /* GenericEvent.swift in Sources */ = {isa = PBXBuildFile; fileRef = 957E7EF21EFA7C0800EE6A8D /* GenericEvent.swift */; };
		957E7EF61EFA7E3C00EE6A8D /* CalendarController.swift in Sources */ = {isa = PBXBuildFile; fileRef = 957E7EF41EFA7E3C00EE6A8D /* CalendarController.swift */; };
		957E7EFA1EFA7EEB00EE6A8D /* CalendarEventDetailController.swift in Sources */ = {isa = PBXBuildFile; fileRef = 957E7EF81EFA7EEB00EE6A8D /* CalendarEventDetailController.swift */; };
		957E7EFB1EFA7EEB00EE6A8D /* CalendarEventDetailController.xib in Resources */ = {isa = PBXBuildFile; fileRef = 957E7EF91EFA7EEB00EE6A8D /* CalendarEventDetailController.xib */; };
		957E7EFD1EFA812000EE6A8D /* EditCalendarEventController.swift in Sources */ = {isa = PBXBuildFile; fileRef = 957E7EFC1EFA812000EE6A8D /* EditCalendarEventController.swift */; };
		957E7EFF1EFA823300EE6A8D /* NewCalendarEventController.swift in Sources */ = {isa = PBXBuildFile; fileRef = 957E7EFE1EFA823300EE6A8D /* NewCalendarEventController.swift */; };
		95808E7C1EF917EB00CC7141 /* FoodEventController.swift in Sources */ = {isa = PBXBuildFile; fileRef = 95808E7A1EF917EB00CC7141 /* FoodEventController.swift */; };
		95808E7D1EF917EB00CC7141 /* FoodEventController.xib in Resources */ = {isa = PBXBuildFile; fileRef = 95808E7B1EF917EB00CC7141 /* FoodEventController.xib */; };
		95A38EE41EE7D13600EA3C8F /* Fonts.plist in Resources */ = {isa = PBXBuildFile; fileRef = 95A38EE31EE7D13600EA3C8F /* Fonts.plist */; };
		95A38EE81EE7D55600EA3C8F /* FontBook.m in Sources */ = {isa = PBXBuildFile; fileRef = 95A38EE71EE7D55600EA3C8F /* FontBook.m */; };
		95A38EEB1EE7DE8B00EA3C8F /* Settings.m in Sources */ = {isa = PBXBuildFile; fileRef = 95A38EEA1EE7DE8B00EA3C8F /* Settings.m */; };
		95A38FD31EE7FE7000EA3C8F /* AppCalSecurity.framework in Frameworks */ = {isa = PBXBuildFile; fileRef = 95A38FD01EE7FE7000EA3C8F /* AppCalSecurity.framework */; };
		95A38FD41EE7FE7000EA3C8F /* AppCalSecurity.framework in Embed Frameworks */ = {isa = PBXBuildFile; fileRef = 95A38FD01EE7FE7000EA3C8F /* AppCalSecurity.framework */; settings = {ATTRIBUTES = (CodeSignOnCopy, RemoveHeadersOnCopy, ); }; };
		95A38FD51EE7FE7000EA3C8F /* AppsoluteCalendar.framework in Frameworks */ = {isa = PBXBuildFile; fileRef = 95A38FD11EE7FE7000EA3C8F /* AppsoluteCalendar.framework */; };
		95A38FD61EE7FE7000EA3C8F /* AppsoluteCalendar.framework in Embed Frameworks */ = {isa = PBXBuildFile; fileRef = 95A38FD11EE7FE7000EA3C8F /* AppsoluteCalendar.framework */; settings = {ATTRIBUTES = (CodeSignOnCopy, RemoveHeadersOnCopy, ); }; };
		95A38FD71EE7FE7000EA3C8F /* CommonCrypto.framework in Frameworks */ = {isa = PBXBuildFile; fileRef = 95A38FD21EE7FE7000EA3C8F /* CommonCrypto.framework */; };
		95A38FD81EE7FE7000EA3C8F /* CommonCrypto.framework in Embed Frameworks */ = {isa = PBXBuildFile; fileRef = 95A38FD21EE7FE7000EA3C8F /* CommonCrypto.framework */; settings = {ATTRIBUTES = (CodeSignOnCopy, RemoveHeadersOnCopy, ); }; };
		95AC053C1EF003E100850973 /* Champions League.json in Resources */ = {isa = PBXBuildFile; fileRef = 95AC05361EF003E100850973 /* Champions League.json */; };
		95AC053D1EF003E100850973 /* Serie A.json in Resources */ = {isa = PBXBuildFile; fileRef = 95AC05371EF003E100850973 /* Serie A.json */; };
		95AC053E1EF003E100850973 /* Primera División.json in Resources */ = {isa = PBXBuildFile; fileRef = 95AC05381EF003E100850973 /* Primera División.json */; };
		95AC053F1EF003E100850973 /* Ligue 1.json in Resources */ = {isa = PBXBuildFile; fileRef = 95AC05391EF003E100850973 /* Ligue 1.json */; };
		95AC05401EF003E100850973 /* Eredivisie.json in Resources */ = {isa = PBXBuildFile; fileRef = 95AC053A1EF003E100850973 /* Eredivisie.json */; };
		95AC05411EF003E100850973 /* Premier League.json in Resources */ = {isa = PBXBuildFile; fileRef = 95AC053B1EF003E100850973 /* Premier League.json */; };
		95B71E871EE93A34003FA9E2 /* SettingsCell.m in Sources */ = {isa = PBXBuildFile; fileRef = 95B71E861EE93A34003FA9E2 /* SettingsCell.m */; };
		95B71E8D1EE9585A003FA9E2 /* FootballDataManager.m in Sources */ = {isa = PBXBuildFile; fileRef = 95B71E8C1EE9585A003FA9E2 /* FootballDataManager.m */; };
		95BA7E1F1EEA916B00823E21 /* DefaultSettings.plist in Resources */ = {isa = PBXBuildFile; fileRef = 95BA7E1E1EEA916B00823E21 /* DefaultSettings.plist */; };
		95C6BC201EF7A1F10055595C /* FoodController.swift in Sources */ = {isa = PBXBuildFile; fileRef = 95C6BC1F1EF7A1F10055595C /* FoodController.swift */; };
		95C6BC291EF7C8120055595C /* NewFoodEventController.swift in Sources */ = {isa = PBXBuildFile; fileRef = 95C6BC281EF7C8120055595C /* NewFoodEventController.swift */; };
		95C6BC2B1EF7D2D50055595C /* AddFoodEventCell.swift in Sources */ = {isa = PBXBuildFile; fileRef = 95C6BC2A1EF7D2D50055595C /* AddFoodEventCell.swift */; };
		95C6BC2D1EF7F5840055595C /* DatePickerController.swift in Sources */ = {isa = PBXBuildFile; fileRef = 95C6BC2C1EF7F5840055595C /* DatePickerController.swift */; };
		95C6BC2F1EF813510055595C /* MealEvent.swift in Sources */ = {isa = PBXBuildFile; fileRef = 95C6BC2E1EF813510055595C /* MealEvent.swift */; };
		95CDCABC1EFA8A7400CC34E8 /* NotifsController.m in Sources */ = {isa = PBXBuildFile; fileRef = 95CDCABB1EFA8A7400CC34E8 /* NotifsController.m */; };
		95CDCABF1EFA938A00CC34E8 /* NotificationManager.m in Sources */ = {isa = PBXBuildFile; fileRef = 95CDCABE1EFA938A00CC34E8 /* NotificationManager.m */; };
		95D705DB1EE6B0BF00B79AA2 /* Settings.plist in Resources */ = {isa = PBXBuildFile; fileRef = 95D705DA1EE6B0BF00B79AA2 /* Settings.plist */; };
		95D705E11EE6BD6100B79AA2 /* DetailSettingController.m in Sources */ = {isa = PBXBuildFile; fileRef = 95D705E01EE6BD6100B79AA2 /* DetailSettingController.m */; };
		95D705E51EE6C13700B79AA2 /* DetailSettingCell.m in Sources */ = {isa = PBXBuildFile; fileRef = 95D705E41EE6C13700B79AA2 /* DetailSettingCell.m */; };
		95DFE8A31EEE7248009BBCAF /* CalendarNavigationBar.m in Sources */ = {isa = PBXBuildFile; fileRef = 95DFE8A21EEE7248009BBCAF /* CalendarNavigationBar.m */; };
		95DFE8A61EEE9D5D009BBCAF /* AppsoluteCalendar+FoodCalendar.m in Sources */ = {isa = PBXBuildFile; fileRef = 95DFE8A51EEE9D5D009BBCAF /* AppsoluteCalendar+FoodCalendar.m */; };
		95DFE8AC1EEEBB42009BBCAF /* CalendarEvent.m in Sources */ = {isa = PBXBuildFile; fileRef = 95DFE8AB1EEEBB42009BBCAF /* CalendarEvent.m */; };
		95DFE8AE1EEED118009BBCAF /* Bundes Liga.json in Resources */ = {isa = PBXBuildFile; fileRef = 95DFE8AD1EEED118009BBCAF /* Bundes Liga.json */; };
		95EA7CD11EF966E900EACA5A /* EditFoodEventController.swift in Sources */ = {isa = PBXBuildFile; fileRef = 95EA7CD01EF966E900EACA5A /* EditFoodEventController.swift */; };
		F2878FAC1EE58A0B00F4CD9E /* main.m in Sources */ = {isa = PBXBuildFile; fileRef = F2878FAB1EE58A0B00F4CD9E /* main.m */; };
		F2878FAF1EE58A0B00F4CD9E /* AppDelegate.m in Sources */ = {isa = PBXBuildFile; fileRef = F2878FAE1EE58A0B00F4CD9E /* AppDelegate.m */; };
		F2878FB21EE58A0B00F4CD9E /* TemplateController.m in Sources */ = {isa = PBXBuildFile; fileRef = F2878FB11EE58A0B00F4CD9E /* TemplateController.m */; };
		F2878FB51EE58A0B00F4CD9E /* Main.storyboard in Resources */ = {isa = PBXBuildFile; fileRef = F2878FB31EE58A0B00F4CD9E /* Main.storyboard */; };
		F2878FB81EE58A0B00F4CD9E /* AppCalDemo.xcdatamodeld in Sources */ = {isa = PBXBuildFile; fileRef = F2878FB61EE58A0B00F4CD9E /* AppCalDemo.xcdatamodeld */; };
		F2878FBA1EE58A0B00F4CD9E /* Assets.xcassets in Resources */ = {isa = PBXBuildFile; fileRef = F2878FB91EE58A0B00F4CD9E /* Assets.xcassets */; };
		F2878FBD1EE58A0B00F4CD9E /* LaunchScreen.storyboard in Resources */ = {isa = PBXBuildFile; fileRef = F2878FBB1EE58A0B00F4CD9E /* LaunchScreen.storyboard */; };
		F2878FC61EE591B400F4CD9E /* MainTabbarController.m in Sources */ = {isa = PBXBuildFile; fileRef = F2878FC51EE591B400F4CD9E /* MainTabbarController.m */; };
		F2878FC91EE5984300F4CD9E /* BaseController.m in Sources */ = {isa = PBXBuildFile; fileRef = F2878FC81EE5984300F4CD9E /* BaseController.m */; };
		F2878FCC1EE59B8900F4CD9E /* SettingsController.m in Sources */ = {isa = PBXBuildFile; fileRef = F2878FCB1EE59B8900F4CD9E /* SettingsController.m */; };
/* End PBXBuildFile section */

/* Begin PBXCopyFilesBuildPhase section */
		95D705D91EE6AEFB00B79AA2 /* Embed Frameworks */ = {
			isa = PBXCopyFilesBuildPhase;
			buildActionMask = 2147483647;
			dstPath = "";
			dstSubfolderSpec = 10;
			files = (
				95A38FD61EE7FE7000EA3C8F /* AppsoluteCalendar.framework in Embed Frameworks */,
				95A38FD81EE7FE7000EA3C8F /* CommonCrypto.framework in Embed Frameworks */,
				95A38FD41EE7FE7000EA3C8F /* AppCalSecurity.framework in Embed Frameworks */,
			);
			name = "Embed Frameworks";
			runOnlyForDeploymentPostprocessing = 0;
		};
/* End PBXCopyFilesBuildPhase section */

/* Begin PBXFileReference section */
		957D9C711EF3B1BB00891FDC /* UIColor_Extensions.h */ = {isa = PBXFileReference; fileEncoding = 4; lastKnownFileType = sourcecode.c.h; path = UIColor_Extensions.h; sourceTree = "<group>"; };
		957D9C721EF3C9B500891FDC /* TemplateNavigationController.swift */ = {isa = PBXFileReference; fileEncoding = 4; lastKnownFileType = sourcecode.swift; path = TemplateNavigationController.swift; sourceTree = "<group>"; };
		957D9CA01EF3E7AB00891FDC /* YearController.swift */ = {isa = PBXFileReference; fileEncoding = 4; lastKnownFileType = sourcecode.swift; path = YearController.swift; sourceTree = "<group>"; };
		957D9CA21EF3E7F100891FDC /* MonthController.swift */ = {isa = PBXFileReference; fileEncoding = 4; lastKnownFileType = sourcecode.swift; path = MonthController.swift; sourceTree = "<group>"; };
		957D9CA41EF3E80900891FDC /* DayController.swift */ = {isa = PBXFileReference; fileEncoding = 4; lastKnownFileType = sourcecode.swift; path = DayController.swift; sourceTree = "<group>"; };
		957D9CA61EF3E83000891FDC /* CalendarComponentControllerDelegate.swift */ = {isa = PBXFileReference; fileEncoding = 4; lastKnownFileType = sourcecode.swift; path = CalendarComponentControllerDelegate.swift; sourceTree = "<group>"; };
		957D9CA81EF3F0BD00891FDC /* DetailController.swift */ = {isa = PBXFileReference; fileEncoding = 4; lastKnownFileType = sourcecode.swift; path = DetailController.swift; sourceTree = "<group>"; };
		957D9CAA1EF402EF00891FDC /* FootballController.swift */ = {isa = PBXFileReference; fileEncoding = 4; lastKnownFileType = sourcecode.swift; path = FootballController.swift; sourceTree = "<group>"; };
		957D9CAC1EF4068F00891FDC /* FootballFixtureController.swift */ = {isa = PBXFileReference; fileEncoding = 4; lastKnownFileType = sourcecode.swift; path = FootballFixtureController.swift; sourceTree = "<group>"; };
		957E7EF21EFA7C0800EE6A8D /* GenericEvent.swift */ = {isa = PBXFileReference; fileEncoding = 4; lastKnownFileType = sourcecode.swift; path = GenericEvent.swift; sourceTree = "<group>"; };
		957E7EF41EFA7E3C00EE6A8D /* CalendarController.swift */ = {isa = PBXFileReference; fileEncoding = 4; lastKnownFileType = sourcecode.swift; path = CalendarController.swift; sourceTree = "<group>"; };
		957E7EF81EFA7EEB00EE6A8D /* CalendarEventDetailController.swift */ = {isa = PBXFileReference; fileEncoding = 4; lastKnownFileType = sourcecode.swift; path = CalendarEventDetailController.swift; sourceTree = "<group>"; };
		957E7EF91EFA7EEB00EE6A8D /* CalendarEventDetailController.xib */ = {isa = PBXFileReference; fileEncoding = 4; lastKnownFileType = file.xib; path = CalendarEventDetailController.xib; sourceTree = "<group>"; };
		957E7EFC1EFA812000EE6A8D /* EditCalendarEventController.swift */ = {isa = PBXFileReference; fileEncoding = 4; lastKnownFileType = sourcecode.swift; path = EditCalendarEventController.swift; sourceTree = "<group>"; };
		957E7EFE1EFA823300EE6A8D /* NewCalendarEventController.swift */ = {isa = PBXFileReference; fileEncoding = 4; lastKnownFileType = sourcecode.swift; path = NewCalendarEventController.swift; sourceTree = "<group>"; };
		95808E7A1EF917EB00CC7141 /* FoodEventController.swift */ = {isa = PBXFileReference; fileEncoding = 4; lastKnownFileType = sourcecode.swift; path = FoodEventController.swift; sourceTree = "<group>"; };
		95808E7B1EF917EB00CC7141 /* FoodEventController.xib */ = {isa = PBXFileReference; fileEncoding = 4; lastKnownFileType = file.xib; path = FoodEventController.xib; sourceTree = "<group>"; };
		95A38EE31EE7D13600EA3C8F /* Fonts.plist */ = {isa = PBXFileReference; fileEncoding = 4; lastKnownFileType = text.plist.xml; path = Fonts.plist; sourceTree = "<group>"; };
		95A38EE61EE7D55600EA3C8F /* FontBook.h */ = {isa = PBXFileReference; fileEncoding = 4; lastKnownFileType = sourcecode.c.h; path = FontBook.h; sourceTree = "<group>"; };
		95A38EE71EE7D55600EA3C8F /* FontBook.m */ = {isa = PBXFileReference; fileEncoding = 4; lastKnownFileType = sourcecode.c.objc; path = FontBook.m; sourceTree = "<group>"; };
		95A38EE91EE7DE8B00EA3C8F /* Settings.h */ = {isa = PBXFileReference; fileEncoding = 4; lastKnownFileType = sourcecode.c.h; path = Settings.h; sourceTree = "<group>"; };
		95A38EEA1EE7DE8B00EA3C8F /* Settings.m */ = {isa = PBXFileReference; fileEncoding = 4; lastKnownFileType = sourcecode.c.objc; path = Settings.m; sourceTree = "<group>"; };
		95A38FCA1EE7FB4B00EA3C8F /* fr */ = {isa = PBXFileReference; lastKnownFileType = text.plist.strings; name = fr; path = fr.lproj/Main.strings; sourceTree = "<group>"; };
		95A38FCB1EE7FB4B00EA3C8F /* fr */ = {isa = PBXFileReference; lastKnownFileType = text.plist.strings; name = fr; path = fr.lproj/LaunchScreen.strings; sourceTree = "<group>"; };
		95A38FCC1EE7FB5100EA3C8F /* de */ = {isa = PBXFileReference; lastKnownFileType = text.plist.strings; name = de; path = de.lproj/Main.strings; sourceTree = "<group>"; };
		95A38FCD1EE7FB5100EA3C8F /* de */ = {isa = PBXFileReference; lastKnownFileType = text.plist.strings; name = de; path = de.lproj/LaunchScreen.strings; sourceTree = "<group>"; };
		95A38FCE1EE7FB5A00EA3C8F /* ar */ = {isa = PBXFileReference; lastKnownFileType = text.plist.strings; name = ar; path = ar.lproj/Main.strings; sourceTree = "<group>"; };
		95A38FCF1EE7FB5A00EA3C8F /* ar */ = {isa = PBXFileReference; lastKnownFileType = text.plist.strings; name = ar; path = ar.lproj/LaunchScreen.strings; sourceTree = "<group>"; };
		95A38FD01EE7FE7000EA3C8F /* AppCalSecurity.framework */ = {isa = PBXFileReference; lastKnownFileType = wrapper.framework; name = AppCalSecurity.framework; path = Frameworks/Active/AppCalSecurity.framework; sourceTree = "<group>"; };
		95A38FD11EE7FE7000EA3C8F /* AppsoluteCalendar.framework */ = {isa = PBXFileReference; lastKnownFileType = wrapper.framework; name = AppsoluteCalendar.framework; path = Frameworks/Active/AppsoluteCalendar.framework; sourceTree = "<group>"; };
		95A38FD21EE7FE7000EA3C8F /* CommonCrypto.framework */ = {isa = PBXFileReference; lastKnownFileType = wrapper.framework; name = CommonCrypto.framework; path = Frameworks/Active/CommonCrypto.framework; sourceTree = "<group>"; };
		95A38FDD1EE8019000EA3C8F /* AppCalDemo-Bridging-Header.h */ = {isa = PBXFileReference; lastKnownFileType = sourcecode.c.h; path = "AppCalDemo-Bridging-Header.h"; sourceTree = "<group>"; };
		95AC05361EF003E100850973 /* Champions League.json */ = {isa = PBXFileReference; fileEncoding = 4; lastKnownFileType = text.json; path = "Champions League.json"; sourceTree = "<group>"; };
		95AC05371EF003E100850973 /* Serie A.json */ = {isa = PBXFileReference; fileEncoding = 4; lastKnownFileType = text.json; path = "Serie A.json"; sourceTree = "<group>"; };
		95AC05381EF003E100850973 /* Primera División.json */ = {isa = PBXFileReference; fileEncoding = 4; lastKnownFileType = text.json; path = "Primera División.json"; sourceTree = "<group>"; };
		95AC05391EF003E100850973 /* Ligue 1.json */ = {isa = PBXFileReference; fileEncoding = 4; lastKnownFileType = text.json; path = "Ligue 1.json"; sourceTree = "<group>"; };
		95AC053A1EF003E100850973 /* Eredivisie.json */ = {isa = PBXFileReference; fileEncoding = 4; lastKnownFileType = text.json; path = Eredivisie.json; sourceTree = "<group>"; };
		95AC053B1EF003E100850973 /* Premier League.json */ = {isa = PBXFileReference; fileEncoding = 4; lastKnownFileType = text.json; path = "Premier League.json"; sourceTree = "<group>"; };
		95B71E851EE93A34003FA9E2 /* SettingsCell.h */ = {isa = PBXFileReference; fileEncoding = 4; lastKnownFileType = sourcecode.c.h; name = SettingsCell.h; path = AppCalDemo/SettingsCell.h; sourceTree = "<group>"; };
		95B71E861EE93A34003FA9E2 /* SettingsCell.m */ = {isa = PBXFileReference; fileEncoding = 4; lastKnownFileType = sourcecode.c.objc; name = SettingsCell.m; path = AppCalDemo/SettingsCell.m; sourceTree = "<group>"; };
		95B71E8B1EE9585A003FA9E2 /* FootballDataManager.h */ = {isa = PBXFileReference; fileEncoding = 4; lastKnownFileType = sourcecode.c.h; path = FootballDataManager.h; sourceTree = "<group>"; };
		95B71E8C1EE9585A003FA9E2 /* FootballDataManager.m */ = {isa = PBXFileReference; fileEncoding = 4; lastKnownFileType = sourcecode.c.objc; path = FootballDataManager.m; sourceTree = "<group>"; };
		95BA7E1E1EEA916B00823E21 /* DefaultSettings.plist */ = {isa = PBXFileReference; fileEncoding = 4; lastKnownFileType = text.plist.xml; path = DefaultSettings.plist; sourceTree = "<group>"; };
		95C6BC1F1EF7A1F10055595C /* FoodController.swift */ = {isa = PBXFileReference; fileEncoding = 4; lastKnownFileType = sourcecode.swift; path = FoodController.swift; sourceTree = "<group>"; };
		95C6BC281EF7C8120055595C /* NewFoodEventController.swift */ = {isa = PBXFileReference; fileEncoding = 4; lastKnownFileType = sourcecode.swift; path = NewFoodEventController.swift; sourceTree = "<group>"; };
		95C6BC2A1EF7D2D50055595C /* AddFoodEventCell.swift */ = {isa = PBXFileReference; fileEncoding = 4; lastKnownFileType = sourcecode.swift; path = AddFoodEventCell.swift; sourceTree = "<group>"; };
		95C6BC2C1EF7F5840055595C /* DatePickerController.swift */ = {isa = PBXFileReference; fileEncoding = 4; lastKnownFileType = sourcecode.swift; path = DatePickerController.swift; sourceTree = "<group>"; };
		95C6BC2E1EF813510055595C /* MealEvent.swift */ = {isa = PBXFileReference; fileEncoding = 4; lastKnownFileType = sourcecode.swift; path = MealEvent.swift; sourceTree = "<group>"; };
		95CDCABA1EFA8A7400CC34E8 /* NotifsController.h */ = {isa = PBXFileReference; fileEncoding = 4; lastKnownFileType = sourcecode.c.h; path = NotifsController.h; sourceTree = "<group>"; };
		95CDCABB1EFA8A7400CC34E8 /* NotifsController.m */ = {isa = PBXFileReference; fileEncoding = 4; lastKnownFileType = sourcecode.c.objc; path = NotifsController.m; sourceTree = "<group>"; };
		95CDCABD1EFA938A00CC34E8 /* NotificationManager.h */ = {isa = PBXFileReference; fileEncoding = 4; lastKnownFileType = sourcecode.c.h; path = NotificationManager.h; sourceTree = "<group>"; };
		95CDCABE1EFA938A00CC34E8 /* NotificationManager.m */ = {isa = PBXFileReference; fileEncoding = 4; lastKnownFileType = sourcecode.c.objc; path = NotificationManager.m; sourceTree = "<group>"; };
		95D705DA1EE6B0BF00B79AA2 /* Settings.plist */ = {isa = PBXFileReference; fileEncoding = 4; lastKnownFileType = text.plist.xml; path = Settings.plist; sourceTree = "<group>"; };
		95D705DF1EE6BD6100B79AA2 /* DetailSettingController.h */ = {isa = PBXFileReference; fileEncoding = 4; lastKnownFileType = sourcecode.c.h; path = DetailSettingController.h; sourceTree = "<group>"; };
		95D705E01EE6BD6100B79AA2 /* DetailSettingController.m */ = {isa = PBXFileReference; fileEncoding = 4; lastKnownFileType = sourcecode.c.objc; path = DetailSettingController.m; sourceTree = "<group>"; };
		95D705E31EE6C13700B79AA2 /* DetailSettingCell.h */ = {isa = PBXFileReference; fileEncoding = 4; lastKnownFileType = sourcecode.c.h; name = DetailSettingCell.h; path = AppCalDemo/DetailSettingCell.h; sourceTree = "<group>"; };
		95D705E41EE6C13700B79AA2 /* DetailSettingCell.m */ = {isa = PBXFileReference; fileEncoding = 4; lastKnownFileType = sourcecode.c.objc; name = DetailSettingCell.m; path = AppCalDemo/DetailSettingCell.m; sourceTree = "<group>"; };
		95DFE8A11EEE7248009BBCAF /* CalendarNavigationBar.h */ = {isa = PBXFileReference; fileEncoding = 4; lastKnownFileType = sourcecode.c.h; name = CalendarNavigationBar.h; path = AppCalDemo/CalendarNavigationBar.h; sourceTree = "<group>"; };
		95DFE8A21EEE7248009BBCAF /* CalendarNavigationBar.m */ = {isa = PBXFileReference; fileEncoding = 4; lastKnownFileType = sourcecode.c.objc; name = CalendarNavigationBar.m; path = AppCalDemo/CalendarNavigationBar.m; sourceTree = "<group>"; };
		95DFE8A41EEE9D5D009BBCAF /* AppsoluteCalendar+FoodCalendar.h */ = {isa = PBXFileReference; fileEncoding = 4; lastKnownFileType = sourcecode.c.h; path = "AppsoluteCalendar+FoodCalendar.h"; sourceTree = "<group>"; };
		95DFE8A51EEE9D5D009BBCAF /* AppsoluteCalendar+FoodCalendar.m */ = {isa = PBXFileReference; fileEncoding = 4; lastKnownFileType = sourcecode.c.objc; path = "AppsoluteCalendar+FoodCalendar.m"; sourceTree = "<group>"; };
		95DFE8AA1EEEBB42009BBCAF /* CalendarEvent.h */ = {isa = PBXFileReference; fileEncoding = 4; lastKnownFileType = sourcecode.c.h; path = CalendarEvent.h; sourceTree = "<group>"; };
		95DFE8AB1EEEBB42009BBCAF /* CalendarEvent.m */ = {isa = PBXFileReference; fileEncoding = 4; lastKnownFileType = sourcecode.c.objc; path = CalendarEvent.m; sourceTree = "<group>"; };
		95DFE8AD1EEED118009BBCAF /* Bundes Liga.json */ = {isa = PBXFileReference; fileEncoding = 4; lastKnownFileType = text.json; path = "Bundes Liga.json"; sourceTree = "<group>"; };
		95EA7CD01EF966E900EACA5A /* EditFoodEventController.swift */ = {isa = PBXFileReference; fileEncoding = 4; lastKnownFileType = sourcecode.swift; path = EditFoodEventController.swift; sourceTree = "<group>"; };
		F2878FA71EE58A0B00F4CD9E /* AppCalDemo.app */ = {isa = PBXFileReference; explicitFileType = wrapper.application; includeInIndex = 0; path = AppCalDemo.app; sourceTree = BUILT_PRODUCTS_DIR; };
		F2878FAB1EE58A0B00F4CD9E /* main.m */ = {isa = PBXFileReference; lastKnownFileType = sourcecode.c.objc; path = main.m; sourceTree = "<group>"; };
		F2878FAD1EE58A0B00F4CD9E /* AppDelegate.h */ = {isa = PBXFileReference; lastKnownFileType = sourcecode.c.h; path = AppDelegate.h; sourceTree = "<group>"; };
		F2878FAE1EE58A0B00F4CD9E /* AppDelegate.m */ = {isa = PBXFileReference; lastKnownFileType = sourcecode.c.objc; path = AppDelegate.m; sourceTree = "<group>"; };
		F2878FB01EE58A0B00F4CD9E /* TemplateController.h */ = {isa = PBXFileReference; lastKnownFileType = sourcecode.c.h; path = TemplateController.h; sourceTree = "<group>"; };
		F2878FB11EE58A0B00F4CD9E /* TemplateController.m */ = {isa = PBXFileReference; lastKnownFileType = sourcecode.c.objc; path = TemplateController.m; sourceTree = "<group>"; };
		F2878FB41EE58A0B00F4CD9E /* Base */ = {isa = PBXFileReference; lastKnownFileType = file.storyboard; name = Base; path = Base.lproj/Main.storyboard; sourceTree = "<group>"; };
		F2878FB71EE58A0B00F4CD9E /* AppCalDemo.xcdatamodel */ = {isa = PBXFileReference; lastKnownFileType = wrapper.xcdatamodel; path = AppCalDemo.xcdatamodel; sourceTree = "<group>"; };
		F2878FB91EE58A0B00F4CD9E /* Assets.xcassets */ = {isa = PBXFileReference; lastKnownFileType = folder.assetcatalog; path = Assets.xcassets; sourceTree = "<group>"; };
		F2878FBC1EE58A0B00F4CD9E /* Base */ = {isa = PBXFileReference; lastKnownFileType = file.storyboard; name = Base; path = Base.lproj/LaunchScreen.storyboard; sourceTree = "<group>"; };
		F2878FBE1EE58A0B00F4CD9E /* Info.plist */ = {isa = PBXFileReference; lastKnownFileType = text.plist.xml; path = Info.plist; sourceTree = "<group>"; };
		F2878FC41EE591B300F4CD9E /* MainTabbarController.h */ = {isa = PBXFileReference; fileEncoding = 4; lastKnownFileType = sourcecode.c.h; path = MainTabbarController.h; sourceTree = "<group>"; };
		F2878FC51EE591B400F4CD9E /* MainTabbarController.m */ = {isa = PBXFileReference; fileEncoding = 4; lastKnownFileType = sourcecode.c.objc; path = MainTabbarController.m; sourceTree = "<group>"; };
		F2878FC71EE5984300F4CD9E /* BaseController.h */ = {isa = PBXFileReference; fileEncoding = 4; lastKnownFileType = sourcecode.c.h; path = BaseController.h; sourceTree = "<group>"; };
		F2878FC81EE5984300F4CD9E /* BaseController.m */ = {isa = PBXFileReference; fileEncoding = 4; lastKnownFileType = sourcecode.c.objc; path = BaseController.m; sourceTree = "<group>"; };
		F2878FCA1EE59B8800F4CD9E /* SettingsController.h */ = {isa = PBXFileReference; fileEncoding = 4; lastKnownFileType = sourcecode.c.h; path = SettingsController.h; sourceTree = "<group>"; };
		F2878FCB1EE59B8900F4CD9E /* SettingsController.m */ = {isa = PBXFileReference; fileEncoding = 4; lastKnownFileType = sourcecode.c.objc; path = SettingsController.m; sourceTree = "<group>"; };
/* End PBXFileReference section */

/* Begin PBXFrameworksBuildPhase section */
		F2878FA41EE58A0A00F4CD9E /* Frameworks */ = {
			isa = PBXFrameworksBuildPhase;
			buildActionMask = 2147483647;
			files = (
				95A38FD51EE7FE7000EA3C8F /* AppsoluteCalendar.framework in Frameworks */,
				95A38FD71EE7FE7000EA3C8F /* CommonCrypto.framework in Frameworks */,
				95A38FD31EE7FE7000EA3C8F /* AppCalSecurity.framework in Frameworks */,
			);
			runOnlyForDeploymentPostprocessing = 0;
		};
/* End PBXFrameworksBuildPhase section */

/* Begin PBXGroup section */
		95A38EE51EE7D53100EA3C8F /* Helpers */ = {
			isa = PBXGroup;
			children = (
				95A38EE61EE7D55600EA3C8F /* FontBook.h */,
				95A38EE71EE7D55600EA3C8F /* FontBook.m */,
				95A38EE91EE7DE8B00EA3C8F /* Settings.h */,
				95A38EEA1EE7DE8B00EA3C8F /* Settings.m */,
			);
			name = Helpers;
			sourceTree = "<group>";
		};
		95A38FE01EE81DBB00EA3C8F /* Frameworks */ = {
			isa = PBXGroup;
			children = (
				95A38FD01EE7FE7000EA3C8F /* AppCalSecurity.framework */,
				95A38FD11EE7FE7000EA3C8F /* AppsoluteCalendar.framework */,
				95A38FD21EE7FE7000EA3C8F /* CommonCrypto.framework */,
			);
			name = Frameworks;
			sourceTree = "<group>";
		};
		95AC05341EEFEF6F00850973 /* Model */ = {
			isa = PBXGroup;
			children = (
				95DFE8A41EEE9D5D009BBCAF /* AppsoluteCalendar+FoodCalendar.h */,
				95DFE8A51EEE9D5D009BBCAF /* AppsoluteCalendar+FoodCalendar.m */,
				95DFE8AA1EEEBB42009BBCAF /* CalendarEvent.h */,
				95DFE8AB1EEEBB42009BBCAF /* CalendarEvent.m */,
				95B71E8B1EE9585A003FA9E2 /* FootballDataManager.h */,
				95B71E8C1EE9585A003FA9E2 /* FootballDataManager.m */,
				95C6BC2E1EF813510055595C /* MealEvent.swift */,
				957E7EF21EFA7C0800EE6A8D /* GenericEvent.swift */,
			);
			name = Model;
			sourceTree = "<group>";
		};
		95AC05351EF0034B00850973 /* Ressources */ = {
			isa = PBXGroup;
			children = (
				95DFE8AD1EEED118009BBCAF /* Bundes Liga.json */,
				95AC05361EF003E100850973 /* Champions League.json */,
				95AC05371EF003E100850973 /* Serie A.json */,
				95AC05381EF003E100850973 /* Primera División.json */,
				95AC05391EF003E100850973 /* Ligue 1.json */,
				95AC053A1EF003E100850973 /* Eredivisie.json */,
				95AC053B1EF003E100850973 /* Premier League.json */,
			);
			name = Ressources;
			sourceTree = "<group>";
		};
		95AC05461EF0201800850973 /* Calendar */ = {
			isa = PBXGroup;
			children = (
				957E7EF41EFA7E3C00EE6A8D /* CalendarController.swift */,
				957E7EF81EFA7EEB00EE6A8D /* CalendarEventDetailController.swift */,
				957E7EFC1EFA812000EE6A8D /* EditCalendarEventController.swift */,
				957E7EFE1EFA823300EE6A8D /* NewCalendarEventController.swift */,
				957E7EF91EFA7EEB00EE6A8D /* CalendarEventDetailController.xib */,
			);
			name = Calendar;
			sourceTree = "<group>";
		};
		95B71E641EE9213B003FA9E2 /* Football */ = {
			isa = PBXGroup;
			children = (
				95AC05351EF0034B00850973 /* Ressources */,
				957D9CAA1EF402EF00891FDC /* FootballController.swift */,
				957D9CAC1EF4068F00891FDC /* FootballFixtureController.swift */,
			);
			name = Football;
			sourceTree = "<group>";
		};
		95B71E651EE92147003FA9E2 /* Food */ = {
			isa = PBXGroup;
			children = (
				95C6BC1F1EF7A1F10055595C /* FoodController.swift */,
				95C6BC281EF7C8120055595C /* NewFoodEventController.swift */,
				95C6BC2A1EF7D2D50055595C /* AddFoodEventCell.swift */,
				95C6BC2C1EF7F5840055595C /* DatePickerController.swift */,
				95808E7A1EF917EB00CC7141 /* FoodEventController.swift */,
				95EA7CD01EF966E900EACA5A /* EditFoodEventController.swift */,
				95808E7B1EF917EB00CC7141 /* FoodEventController.xib */,
			);
			name = Food;
			sourceTree = "<group>";
		};
		95B71E671EE92159003FA9E2 /* Basics */ = {
			isa = PBXGroup;
			children = (
				F2878FC71EE5984300F4CD9E /* BaseController.h */,
				F2878FC81EE5984300F4CD9E /* BaseController.m */,
				F2878FB01EE58A0B00F4CD9E /* TemplateController.h */,
				F2878FB11EE58A0B00F4CD9E /* TemplateController.m */,
				F2878FC41EE591B300F4CD9E /* MainTabbarController.h */,
				F2878FC51EE591B400F4CD9E /* MainTabbarController.m */,
				95B71E8E1EE95D3D003FA9E2 /* Swift Classes */,
			);
			name = Basics;
			sourceTree = "<group>";
		};
		95B71E6E1EE9221C003FA9E2 /* Notifications */ = {
			isa = PBXGroup;
			children = (
				95CDCABA1EFA8A7400CC34E8 /* NotifsController.h */,
				95CDCABB1EFA8A7400CC34E8 /* NotifsController.m */,
				95CDCABD1EFA938A00CC34E8 /* NotificationManager.h */,
				95CDCABE1EFA938A00CC34E8 /* NotificationManager.m */,
			);
			name = Notifications;
			sourceTree = "<group>";
		};
		95B71E8E1EE95D3D003FA9E2 /* Swift Classes */ = {
			isa = PBXGroup;
			children = (
				957D9C721EF3C9B500891FDC /* TemplateNavigationController.swift */,
				957D9CA01EF3E7AB00891FDC /* YearController.swift */,
				957D9CA21EF3E7F100891FDC /* MonthController.swift */,
				957D9CA41EF3E80900891FDC /* DayController.swift */,
				957D9CA61EF3E83000891FDC /* CalendarComponentControllerDelegate.swift */,
				957D9CA81EF3F0BD00891FDC /* DetailController.swift */,
			);
			name = "Swift Classes";
			sourceTree = "<group>";
		};
		95D705C21EE6903F00B79AA2 /* CustomViews */ = {
			isa = PBXGroup;
			children = (
				95DFE8A11EEE7248009BBCAF /* CalendarNavigationBar.h */,
				95DFE8A21EEE7248009BBCAF /* CalendarNavigationBar.m */,
				95D705E31EE6C13700B79AA2 /* DetailSettingCell.h */,
				95D705E41EE6C13700B79AA2 /* DetailSettingCell.m */,
				95B71E851EE93A34003FA9E2 /* SettingsCell.h */,
				95B71E861EE93A34003FA9E2 /* SettingsCell.m */,
			);
			name = CustomViews;
			path = ..;
			sourceTree = "<group>";
		};
		95D705E21EE6C0B100B79AA2 /* Settings */ = {
			isa = PBXGroup;
			children = (
				F2878FCA1EE59B8800F4CD9E /* SettingsController.h */,
				F2878FCB1EE59B8900F4CD9E /* SettingsController.m */,
				95D705DF1EE6BD6100B79AA2 /* DetailSettingController.h */,
				95D705E01EE6BD6100B79AA2 /* DetailSettingController.m */,
				95D705DA1EE6B0BF00B79AA2 /* Settings.plist */,
				95BA7E1E1EEA916B00823E21 /* DefaultSettings.plist */,
				95A38EE31EE7D13600EA3C8F /* Fonts.plist */,
				95A38EE51EE7D53100EA3C8F /* Helpers */,
			);
			name = Settings;
			sourceTree = "<group>";
		};
		F241C6E21EE6172A00D1D38A /* ViewControllers */ = {
			isa = PBXGroup;
			children = (
				95B71E6E1EE9221C003FA9E2 /* Notifications */,
				95D705E21EE6C0B100B79AA2 /* Settings */,
				95B71E671EE92159003FA9E2 /* Basics */,
				95B71E651EE92147003FA9E2 /* Food */,
				95AC05461EF0201800850973 /* Calendar */,
				95B71E641EE9213B003FA9E2 /* Football */,
			);
			name = ViewControllers;
			sourceTree = "<group>";
		};
		F2878F9E1EE58A0A00F4CD9E = {
			isa = PBXGroup;
			children = (
				F2878FA91EE58A0B00F4CD9E /* AppCalDemo */,
				F2878FA81EE58A0B00F4CD9E /* Products */,
				95A38FE01EE81DBB00EA3C8F /* Frameworks */,
			);
			sourceTree = "<group>";
		};
		F2878FA81EE58A0B00F4CD9E /* Products */ = {
			isa = PBXGroup;
			children = (
				F2878FA71EE58A0B00F4CD9E /* AppCalDemo.app */,
			);
			name = Products;
			sourceTree = "<group>";
		};
		F2878FA91EE58A0B00F4CD9E /* AppCalDemo */ = {
			isa = PBXGroup;
			children = (
				F2878FAD1EE58A0B00F4CD9E /* AppDelegate.h */,
				F2878FAE1EE58A0B00F4CD9E /* AppDelegate.m */,
				95A38FDD1EE8019000EA3C8F /* AppCalDemo-Bridging-Header.h */,
				957D9C711EF3B1BB00891FDC /* UIColor_Extensions.h */,
				95AC05341EEFEF6F00850973 /* Model */,
				F241C6E21EE6172A00D1D38A /* ViewControllers */,
				95D705C21EE6903F00B79AA2 /* CustomViews */,
				F2878FAA1EE58A0B00F4CD9E /* Supporting Files */,
			);
			path = AppCalDemo;
			sourceTree = "<group>";
		};
		F2878FAA1EE58A0B00F4CD9E /* Supporting Files */ = {
			isa = PBXGroup;
			children = (
				F2878FB31EE58A0B00F4CD9E /* Main.storyboard */,
				F2878FB91EE58A0B00F4CD9E /* Assets.xcassets */,
				F2878FBB1EE58A0B00F4CD9E /* LaunchScreen.storyboard */,
				F2878FBE1EE58A0B00F4CD9E /* Info.plist */,
				F2878FB61EE58A0B00F4CD9E /* AppCalDemo.xcdatamodeld */,
				F2878FAB1EE58A0B00F4CD9E /* main.m */,
			);
			name = "Supporting Files";
			sourceTree = "<group>";
		};
/* End PBXGroup section */

/* Begin PBXNativeTarget section */
		F2878FA61EE58A0A00F4CD9E /* AppCalDemo */ = {
			isa = PBXNativeTarget;
			buildConfigurationList = F2878FC11EE58A0B00F4CD9E /* Build configuration list for PBXNativeTarget "AppCalDemo" */;
			buildPhases = (
				95A38FD91EE7FE8300EA3C8F /* ShellScript */,
				F2878FA31EE58A0A00F4CD9E /* Sources */,
				F2878FA41EE58A0A00F4CD9E /* Frameworks */,
				F2878FA51EE58A0A00F4CD9E /* Resources */,
				95D705D91EE6AEFB00B79AA2 /* Embed Frameworks */,
			);
			buildRules = (
			);
			dependencies = (
			);
			name = AppCalDemo;
			productName = AppCalDemo;
			productReference = F2878FA71EE58A0B00F4CD9E /* AppCalDemo.app */;
			productType = "com.apple.product-type.application";
		};
/* End PBXNativeTarget section */

/* Begin PBXProject section */
		F2878F9F1EE58A0A00F4CD9E /* Project object */ = {
			isa = PBXProject;
			attributes = {
				LastUpgradeCheck = 0830;
				ORGANIZATIONNAME = "Strasbourg University";
				TargetAttributes = {
					F2878FA61EE58A0A00F4CD9E = {
						CreatedOnToolsVersion = 8.3;
						DevelopmentTeam = 56F9Y33XR3;
						LastSwiftMigration = 0830;
						ProvisioningStyle = Automatic;
					};
				};
			};
			buildConfigurationList = F2878FA21EE58A0A00F4CD9E /* Build configuration list for PBXProject "AppCalDemo" */;
			compatibilityVersion = "Xcode 3.2";
			developmentRegion = English;
			hasScannedForEncodings = 0;
			knownRegions = (
				en,
				Base,
			);
			mainGroup = F2878F9E1EE58A0A00F4CD9E;
			productRefGroup = F2878FA81EE58A0B00F4CD9E /* Products */;
			projectDirPath = "";
			projectRoot = "";
			targets = (
				F2878FA61EE58A0A00F4CD9E /* AppCalDemo */,
			);
		};
/* End PBXProject section */

/* Begin PBXResourcesBuildPhase section */
		F2878FA51EE58A0A00F4CD9E /* Resources */ = {
			isa = PBXResourcesBuildPhase;
			buildActionMask = 2147483647;
			files = (
				95AC05411EF003E100850973 /* Premier League.json in Resources */,
				95AC05401EF003E100850973 /* Eredivisie.json in Resources */,
				F2878FBD1EE58A0B00F4CD9E /* LaunchScreen.storyboard in Resources */,
				95AC053E1EF003E100850973 /* Primera División.json in Resources */,
				95808E7D1EF917EB00CC7141 /* FoodEventController.xib in Resources */,
				95AC053C1EF003E100850973 /* Champions League.json in Resources */,
				95AC053D1EF003E100850973 /* Serie A.json in Resources */,
				95A38EE41EE7D13600EA3C8F /* Fonts.plist in Resources */,
				F2878FBA1EE58A0B00F4CD9E /* Assets.xcassets in Resources */,
				F2878FB51EE58A0B00F4CD9E /* Main.storyboard in Resources */,
				95DFE8AE1EEED118009BBCAF /* Bundes Liga.json in Resources */,
				95D705DB1EE6B0BF00B79AA2 /* Settings.plist in Resources */,
				95AC053F1EF003E100850973 /* Ligue 1.json in Resources */,
				95BA7E1F1EEA916B00823E21 /* DefaultSettings.plist in Resources */,
				957E7EFB1EFA7EEB00EE6A8D /* CalendarEventDetailController.xib in Resources */,
			);
			runOnlyForDeploymentPostprocessing = 0;
		};
/* End PBXResourcesBuildPhase section */

/* Begin PBXShellScriptBuildPhase section */
		95A38FD91EE7FE8300EA3C8F /* ShellScript */ = {
			isa = PBXShellScriptBuildPhase;
			buildActionMask = 2147483647;
			files = (
			);
			inputPaths = (
			);
			outputPaths = (
			);
			runOnlyForDeploymentPostprocessing = 0;
			shellPath = /bin/sh;
			shellScript = "echo \"Copying frameworks for architecture: $CURRENT_ARCH\"\nif [\"${CURRENT_ARCH}\" = \"x86_64\"] || [\"${CURRENT_ARCH}\" = \"i386\"]\nthen\ncp -af \"${SRCROOT}/Frameworks/Simulator/.\" \"${SRCROOT}/Frameworks/Active\"\nelse\ncp -af \"${SRCROOT}/Frameworks/Device/.\" \"${SRCROOT}/Frameworks/Active\"\nfi";
		};
/* End PBXShellScriptBuildPhase section */

/* Begin PBXSourcesBuildPhase section */
		F2878FA31EE58A0A00F4CD9E /* Sources */ = {
			isa = PBXSourcesBuildPhase;
			buildActionMask = 2147483647;
			files = (
				957E7EFA1EFA7EEB00EE6A8D /* CalendarEventDetailController.swift in Sources */,
				F2878FB21EE58A0B00F4CD9E /* TemplateController.m in Sources */,
				957E7EFD1EFA812000EE6A8D /* EditCalendarEventController.swift in Sources */,
				95C6BC291EF7C8120055595C /* NewFoodEventController.swift in Sources */,
				957D9CA91EF3F0BD00891FDC /* DetailController.swift in Sources */,
				95C6BC2F1EF813510055595C /* MealEvent.swift in Sources */,
				95D705E51EE6C13700B79AA2 /* DetailSettingCell.m in Sources */,
				957D9CA51EF3E80900891FDC /* DayController.swift in Sources */,
				95A38EEB1EE7DE8B00EA3C8F /* Settings.m in Sources */,
				957E7EF31EFA7C0800EE6A8D /* GenericEvent.swift in Sources */,
				95CDCABF1EFA938A00CC34E8 /* NotificationManager.m in Sources */,
				95808E7C1EF917EB00CC7141 /* FoodEventController.swift in Sources */,
				95D705E11EE6BD6100B79AA2 /* DetailSettingController.m in Sources */,
				95A38EE81EE7D55600EA3C8F /* FontBook.m in Sources */,
				95C6BC201EF7A1F10055595C /* FoodController.swift in Sources */,
				F2878FB81EE58A0B00F4CD9E /* AppCalDemo.xcdatamodeld in Sources */,
				95EA7CD11EF966E900EACA5A /* EditFoodEventController.swift in Sources */,
				95CDCABC1EFA8A7400CC34E8 /* NotifsController.m in Sources */,
				95DFE8A61EEE9D5D009BBCAF /* AppsoluteCalendar+FoodCalendar.m in Sources */,
				957D9C731EF3C9B500891FDC /* TemplateNavigationController.swift in Sources */,
				957D9CA71EF3E83000891FDC /* CalendarComponentControllerDelegate.swift in Sources */,
				95B71E8D1EE9585A003FA9E2 /* FootballDataManager.m in Sources */,
				957D9CA11EF3E7AB00891FDC /* YearController.swift in Sources */,
				95DFE8A31EEE7248009BBCAF /* CalendarNavigationBar.m in Sources */,
				957E7EFF1EFA823300EE6A8D /* NewCalendarEventController.swift in Sources */,
				F2878FCC1EE59B8900F4CD9E /* SettingsController.m in Sources */,
				95C6BC2D1EF7F5840055595C /* DatePickerController.swift in Sources */,
				957D9CAB1EF402EF00891FDC /* FootballController.swift in Sources */,
				95C6BC2B1EF7D2D50055595C /* AddFoodEventCell.swift in Sources */,
				95B71E871EE93A34003FA9E2 /* SettingsCell.m in Sources */,
				F2878FAF1EE58A0B00F4CD9E /* AppDelegate.m in Sources */,
				F2878FAC1EE58A0B00F4CD9E /* main.m in Sources */,
				F2878FC91EE5984300F4CD9E /* BaseController.m in Sources */,
				957D9CAD1EF4068F00891FDC /* FootballFixtureController.swift in Sources */,
				F2878FC61EE591B400F4CD9E /* MainTabbarController.m in Sources */,
				95DFE8AC1EEEBB42009BBCAF /* CalendarEvent.m in Sources */,
				957D9CA31EF3E7F100891FDC /* MonthController.swift in Sources */,
				957E7EF61EFA7E3C00EE6A8D /* CalendarController.swift in Sources */,
			);
			runOnlyForDeploymentPostprocessing = 0;
		};
/* End PBXSourcesBuildPhase section */

/* Begin PBXVariantGroup section */
		F2878FB31EE58A0B00F4CD9E /* Main.storyboard */ = {
			isa = PBXVariantGroup;
			children = (
				F2878FB41EE58A0B00F4CD9E /* Base */,
				95A38FCA1EE7FB4B00EA3C8F /* fr */,
				95A38FCC1EE7FB5100EA3C8F /* de */,
				95A38FCE1EE7FB5A00EA3C8F /* ar */,
			);
			name = Main.storyboard;
			sourceTree = "<group>";
		};
		F2878FBB1EE58A0B00F4CD9E /* LaunchScreen.storyboard */ = {
			isa = PBXVariantGroup;
			children = (
				F2878FBC1EE58A0B00F4CD9E /* Base */,
				95A38FCB1EE7FB4B00EA3C8F /* fr */,
				95A38FCD1EE7FB5100EA3C8F /* de */,
				95A38FCF1EE7FB5A00EA3C8F /* ar */,
			);
			name = LaunchScreen.storyboard;
			sourceTree = "<group>";
		};
/* End PBXVariantGroup section */

/* Begin XCBuildConfiguration section */
		F2878FBF1EE58A0B00F4CD9E /* Debug */ = {
			isa = XCBuildConfiguration;
			buildSettings = {
				ALWAYS_SEARCH_USER_PATHS = NO;
				CLANG_ANALYZER_LOCALIZABILITY_NONLOCALIZED = YES;
				CLANG_ANALYZER_NONNULL = YES;
				CLANG_ANALYZER_NUMBER_OBJECT_CONVERSION = YES_AGGRESSIVE;
				CLANG_CXX_LANGUAGE_STANDARD = "gnu++0x";
				CLANG_CXX_LIBRARY = "libc++";
				CLANG_ENABLE_MODULES = YES;
				CLANG_ENABLE_OBJC_ARC = YES;
				CLANG_WARN_BOOL_CONVERSION = YES;
				CLANG_WARN_CONSTANT_CONVERSION = YES;
				CLANG_WARN_DIRECT_OBJC_ISA_USAGE = YES_ERROR;
				CLANG_WARN_DOCUMENTATION_COMMENTS = YES;
				CLANG_WARN_EMPTY_BODY = YES;
				CLANG_WARN_ENUM_CONVERSION = YES;
				CLANG_WARN_INFINITE_RECURSION = YES;
				CLANG_WARN_INT_CONVERSION = YES;
				CLANG_WARN_OBJC_ROOT_CLASS = YES_ERROR;
				CLANG_WARN_SUSPICIOUS_MOVE = YES;
				CLANG_WARN_UNREACHABLE_CODE = YES;
				CLANG_WARN__DUPLICATE_METHOD_MATCH = YES;
				"CODE_SIGN_IDENTITY[sdk=iphoneos*]" = "iPhone Developer";
				COPY_PHASE_STRIP = NO;
				DEBUG_INFORMATION_FORMAT = dwarf;
				ENABLE_STRICT_OBJC_MSGSEND = YES;
				ENABLE_TESTABILITY = YES;
				GCC_C_LANGUAGE_STANDARD = gnu99;
				GCC_DYNAMIC_NO_PIC = NO;
				GCC_NO_COMMON_BLOCKS = YES;
				GCC_OPTIMIZATION_LEVEL = 0;
				GCC_PREPROCESSOR_DEFINITIONS = (
					"DEBUG=1",
					"$(inherited)",
				);
				GCC_WARN_64_TO_32_BIT_CONVERSION = YES;
				GCC_WARN_ABOUT_RETURN_TYPE = YES_ERROR;
				GCC_WARN_UNDECLARED_SELECTOR = YES;
				GCC_WARN_UNINITIALIZED_AUTOS = YES_AGGRESSIVE;
				GCC_WARN_UNUSED_FUNCTION = YES;
				GCC_WARN_UNUSED_VARIABLE = YES;
				IPHONEOS_DEPLOYMENT_TARGET = 10.3;
				MTL_ENABLE_DEBUG_INFO = YES;
				ONLY_ACTIVE_ARCH = YES;
				SDKROOT = iphoneos;
				TARGETED_DEVICE_FAMILY = "1,2";
			};
			name = Debug;
		};
		F2878FC01EE58A0B00F4CD9E /* Release */ = {
			isa = XCBuildConfiguration;
			buildSettings = {
				ALWAYS_SEARCH_USER_PATHS = NO;
				CLANG_ANALYZER_LOCALIZABILITY_NONLOCALIZED = YES;
				CLANG_ANALYZER_NONNULL = YES;
				CLANG_ANALYZER_NUMBER_OBJECT_CONVERSION = YES_AGGRESSIVE;
				CLANG_CXX_LANGUAGE_STANDARD = "gnu++0x";
				CLANG_CXX_LIBRARY = "libc++";
				CLANG_ENABLE_MODULES = YES;
				CLANG_ENABLE_OBJC_ARC = YES;
				CLANG_WARN_BOOL_CONVERSION = YES;
				CLANG_WARN_CONSTANT_CONVERSION = YES;
				CLANG_WARN_DIRECT_OBJC_ISA_USAGE = YES_ERROR;
				CLANG_WARN_DOCUMENTATION_COMMENTS = YES;
				CLANG_WARN_EMPTY_BODY = YES;
				CLANG_WARN_ENUM_CONVERSION = YES;
				CLANG_WARN_INFINITE_RECURSION = YES;
				CLANG_WARN_INT_CONVERSION = YES;
				CLANG_WARN_OBJC_ROOT_CLASS = YES_ERROR;
				CLANG_WARN_SUSPICIOUS_MOVE = YES;
				CLANG_WARN_UNREACHABLE_CODE = YES;
				CLANG_WARN__DUPLICATE_METHOD_MATCH = YES;
				"CODE_SIGN_IDENTITY[sdk=iphoneos*]" = "iPhone Developer";
				COPY_PHASE_STRIP = NO;
				DEBUG_INFORMATION_FORMAT = "dwarf-with-dsym";
				ENABLE_NS_ASSERTIONS = NO;
				ENABLE_STRICT_OBJC_MSGSEND = YES;
				GCC_C_LANGUAGE_STANDARD = gnu99;
				GCC_NO_COMMON_BLOCKS = YES;
				GCC_WARN_64_TO_32_BIT_CONVERSION = YES;
				GCC_WARN_ABOUT_RETURN_TYPE = YES_ERROR;
				GCC_WARN_UNDECLARED_SELECTOR = YES;
				GCC_WARN_UNINITIALIZED_AUTOS = YES_AGGRESSIVE;
				GCC_WARN_UNUSED_FUNCTION = YES;
				GCC_WARN_UNUSED_VARIABLE = YES;
				IPHONEOS_DEPLOYMENT_TARGET = 10.3;
				MTL_ENABLE_DEBUG_INFO = NO;
				SDKROOT = iphoneos;
				TARGETED_DEVICE_FAMILY = "1,2";
				VALIDATE_PRODUCT = YES;
			};
			name = Release;
		};
		F2878FC21EE58A0B00F4CD9E /* Debug */ = {
			isa = XCBuildConfiguration;
			buildSettings = {
				ALWAYS_EMBED_SWIFT_STANDARD_LIBRARIES = YES;
				ASSETCATALOG_COMPILER_APPICON_NAME = AppIcon;
				CLANG_ENABLE_MODULES = YES;
				DEVELOPMENT_TEAM = 56F9Y33XR3;
				FRAMEWORK_SEARCH_PATHS = (
					"$(inherited)",
					"$(PROJECT_DIR)",
					"$(PROJECT_DIR)/Frameworks/Active",
				);
				INFOPLIST_FILE = AppCalDemo/Info.plist;
				LD_RUNPATH_SEARCH_PATHS = "$(inherited) @executable_path/Frameworks";
				PRODUCT_BUNDLE_IDENTIFIER = FR.Unistra.AppCalDemo;
				PRODUCT_NAME = "$(TARGET_NAME)";
				SWIFT_OBJC_BRIDGING_HEADER = "AppCalDemo/AppCalDemo-Bridging-Header.h";
				SWIFT_OPTIMIZATION_LEVEL = "-Onone";
				SWIFT_VERSION = 3.0;
			};
			name = Debug;
		};
		F2878FC31EE58A0B00F4CD9E /* Release */ = {
			isa = XCBuildConfiguration;
			buildSettings = {
				ALWAYS_EMBED_SWIFT_STANDARD_LIBRARIES = YES;
				ASSETCATALOG_COMPILER_APPICON_NAME = AppIcon;
				CLANG_ENABLE_MODULES = YES;
				DEVELOPMENT_TEAM = 56F9Y33XR3;
				FRAMEWORK_SEARCH_PATHS = (
					"$(inherited)",
					"$(PROJECT_DIR)",
					"$(PROJECT_DIR)/Frameworks/Active",
				);
				INFOPLIST_FILE = AppCalDemo/Info.plist;
				LD_RUNPATH_SEARCH_PATHS = "$(inherited) @executable_path/Frameworks";
				PRODUCT_BUNDLE_IDENTIFIER = FR.Unistra.AppCalDemo;
				PRODUCT_NAME = "$(TARGET_NAME)";
				SWIFT_OBJC_BRIDGING_HEADER = "AppCalDemo/AppCalDemo-Bridging-Header.h";
				SWIFT_VERSION = 3.0;
			};
			name = Release;
		};
/* End XCBuildConfiguration section */

/* Begin XCConfigurationList section */
		F2878FA21EE58A0A00F4CD9E /* Build configuration list for PBXProject "AppCalDemo" */ = {
			isa = XCConfigurationList;
			buildConfigurations = (
				F2878FBF1EE58A0B00F4CD9E /* Debug */,
				F2878FC01EE58A0B00F4CD9E /* Release */,
			);
			defaultConfigurationIsVisible = 0;
			defaultConfigurationName = Release;
		};
		F2878FC11EE58A0B00F4CD9E /* Build configuration list for PBXNativeTarget "AppCalDemo" */ = {
			isa = XCConfigurationList;
			buildConfigurations = (
				F2878FC21EE58A0B00F4CD9E /* Debug */,
				F2878FC31EE58A0B00F4CD9E /* Release */,
			);
			defaultConfigurationIsVisible = 0;
			defaultConfigurationName = Release;
		};
/* End XCConfigurationList section */

/* Begin XCVersionGroup section */
		F2878FB61EE58A0B00F4CD9E /* AppCalDemo.xcdatamodeld */ = {
			isa = XCVersionGroup;
			children = (
				F2878FB71EE58A0B00F4CD9E /* AppCalDemo.xcdatamodel */,
			);
			currentVersion = F2878FB71EE58A0B00F4CD9E /* AppCalDemo.xcdatamodel */;
			path = AppCalDemo.xcdatamodeld;
			sourceTree = "<group>";
			versionGroupType = wrapper.xcdatamodel;
		};
/* End XCVersionGroup section */
	};
	rootObject = F2878F9F1EE58A0A00F4CD9E /* Project object */;
}
